
Microsoft Visual Studio Solution File, Format Version 12.00
# Visual Studio 15
VisualStudioVersion = 15.0.28307.421
MinimumVisualStudioVersion = 10.0.40219.1
Project("{FAE04EC0-301F-11D3-BF4B-00C04F79EFBC}") = "Enry_searchTest", "Enry_searchTest\Enry_searchTest.csproj", "{65546A4E-23FD-4413-9BE6-58C677DA78ED}"
EndProject
Global
	GlobalSection(SolutionConfigurationPlatforms) = preSolution
		Debug|Any CPU = Debug|Any CPU
		Release|Any CPU = Release|Any CPU
	EndGlobalSection
	GlobalSection(ProjectConfigurationPlatforms) = postSolution
		{65546A4E-23FD-4413-9BE6-58C677DA78ED}.Debug|Any CPU.ActiveCfg = Debug|Any CPU
		{65546A4E-23FD-4413-9BE6-58C677DA78ED}.Debug|Any CPU.Build.0 = Debug|Any CPU
		{65546A4E-23FD-4413-9BE6-58C677DA78ED}.Release|Any CPU.ActiveCfg = Release|Any CPU
		{65546A4E-23FD-4413-9BE6-58C677DA78ED}.Release|Any CPU.Build.0 = Release|Any CPU
	EndGlobalSection
	GlobalSection(SolutionProperties) = preSolution
		HideSolutionNode = FALSE
	EndGlobalSection
	GlobalSection(ExtensibilityGlobals) = postSolution
		SolutionGuid = {AE6F0A49-D4C8-4928-86DC-308A43B25200}
	EndGlobalSection
EndGlobal
